<?xml version="1.0" encoding="utf-8"?>
<Project ToolsVersion="4.0" xmlns="http://schemas.microsoft.com/developer/msbuild/2003">
  <ItemGroup>
    <Filter Include="Source">
      <UniqueIdentifier>{4FC737F1-C7A5-4376-A066-2A32D752A2FF}</UniqueIdentifier>
      <Extensions>cpp;c;cc;cxx;c++;cppm;ixx;def;odl;idl;hpj;bat;asm;asmx</Extensions>
    </Filter>
    <Filter Include="Source\Game">
      <UniqueIdentifier>{d32cd764-ad5a-40d1-a21b-af04b2d9bce4}</UniqueIdentifier>
    </Filter>
    <Filter Include="Assets">
      <UniqueIdentifier>{4b7d9de8-2d9b-4af3-9347-3e2d60028063}</UniqueIdentifier>
    </Filter>
  </ItemGroup>
  <ItemGroup>
    <ClCompile Include="Main.cpp">
      <Filter>Source</Filter>
    </ClCompile>
    <ClCompile Include="SpaceGame.cpp">
      <Filter>Source\Game</Filter>
    </ClCompile>
    <ClCompile Include="Player.cpp">
      <Filter>Source\Game</Filter>
    </ClCompile>
    <ClCompile Include="Enemy.cpp">
      <Filter>Source\Game</Filter>
    </ClCompile>
    <ClCompile Include="GameData.cpp">
      <Filter>Source\Game</Filter>
    </ClCompile>
    <ClCompile Include="Bullet.cpp">
      <Filter>Source\Game</Filter>
    </ClCompile>
    <ClCompile Include="GamePCH.cpp">
      <Filter>Source</Filter>
    </ClCompile>
  </ItemGroup>
  <ItemGroup>
    <ClInclude Include="Player.h">
      <Filter>Source\Game</Filter>
    </ClInclude>
    <ClInclude Include="Enemy.h">
      <Filter>Source\Game</Filter>
    </ClInclude>
    <ClInclude Include="SpaceGame.h">
      <Filter>Source\Game</Filter>
    </ClInclude>
    <ClInclude Include="GameData.h">
      <Filter>Source\Game</Filter>
    </ClInclude>
    <ClInclude Include="Bullet.h">
      <Filter>Source\Game</Filter>
    </ClInclude>
    <ClInclude Include="GamePCH.h">
      <Filter>Source</Filter>
    </ClInclude>
  </ItemGroup>
  <ItemGroup>
    <Text Include="..\..\Build\Assets\Meshes\enemy.txt">
      <Filter>Assets</Filter>
    </Text>
  </ItemGroup>
  <ItemGroup>
    <None Include="..\..\Build\Assets\scene.json">
      <Filter>Assets</Filter>
    </None>
  </ItemGroup>
</Project>